
Microsoft Visual Studio Solution File, Format Version 12.00
Project("{FAE04EC0-301F-11D3-BF4B-00C04F79EFBC}") = "MusicerBeat", "MusicerBeat\MusicerBeat.csproj", "{01314A87-4762-44E1-8690-88CCEFE55672}"
EndProject
Project("{FAE04EC0-301F-11D3-BF4B-00C04F79EFBC}") = "MusicerBeatTests", "MusicerBeatTests\MusicerBeatTests.csproj", "{630800E9-EB19-4C98-8AF2-4F0C02DDDCA7}"
EndProject
Global
	GlobalSection(SolutionConfigurationPlatforms) = preSolution
		Debug|Any CPU = Debug|Any CPU
		Release|Any CPU = Release|Any CPU
	EndGlobalSection
	GlobalSection(ProjectConfigurationPlatforms) = postSolution
		{01314A87-4762-44E1-8690-88CCEFE55672}.Debug|Any CPU.ActiveCfg = Debug|Any CPU
		{01314A87-4762-44E1-8690-88CCEFE55672}.Debug|Any CPU.Build.0 = Debug|Any CPU
		{01314A87-4762-44E1-8690-88CCEFE55672}.Release|Any CPU.ActiveCfg = Release|Any CPU
		{01314A87-4762-44E1-8690-88CCEFE55672}.Release|Any CPU.Build.0 = Release|Any CPU
		{630800E9-EB19-4C98-8AF2-4F0C02DDDCA7}.Debug|Any CPU.ActiveCfg = Debug|Any CPU
		{630800E9-EB19-4C98-8AF2-4F0C02DDDCA7}.Debug|Any CPU.Build.0 = Debug|Any CPU
		{630800E9-EB19-4C98-8AF2-4F0C02DDDCA7}.Release|Any CPU.ActiveCfg = Release|Any CPU
		{630800E9-EB19-4C98-8AF2-4F0C02DDDCA7}.Release|Any CPU.Build.0 = Release|Any CPU
	EndGlobalSection
EndGlobal
